
Microsoft Visual Studio Solution File, Format Version 12.00
# Visual Studio Version 17
VisualStudioVersion = 17.7.34018.315
MinimumVisualStudioVersion = 10.0.40219.1
Project("{FAE04EC0-301F-11D3-BF4B-00C04F79EFBC}") = "BulkyWeb", "BulkyWeb\BulkyWeb.csproj", "{9E05CAF1-7023-4091-8957-1A59F5335FFD}"
EndProject
Global
	GlobalSection(SolutionConfigurationPlatforms) = preSolution
		Debug|Any CPU = Debug|Any CPU
		Release|Any CPU = Release|Any CPU
	EndGlobalSection
	GlobalSection(ProjectConfigurationPlatforms) = postSolution
		{9E05CAF1-7023-4091-8957-1A59F5335FFD}.Debug|Any CPU.ActiveCfg = Debug|Any CPU
		{9E05CAF1-7023-4091-8957-1A59F5335FFD}.Debug|Any CPU.Build.0 = Debug|Any CPU
		{9E05CAF1-7023-4091-8957-1A59F5335FFD}.Release|Any CPU.ActiveCfg = Release|Any CPU
		{9E05CAF1-7023-4091-8957-1A59F5335FFD}.Release|Any CPU.Build.0 = Release|Any CPU
	EndGlobalSection
	GlobalSection(SolutionProperties) = preSolution
		HideSolutionNode = FALSE
	EndGlobalSection
	GlobalSection(ExtensibilityGlobals) = postSolution
		SolutionGuid = {BA6001BB-FFCD-4B6D-ADF2-06C9E9E45EA4}
	EndGlobalSection
EndGlobal
